
Microsoft Visual Studio Solution File, Format Version 12.00
# Visual Studio 2013
VisualStudioVersion = 12.0.40629.0
MinimumVisualStudioVersion = 10.0.40219.1
Project("{8BC9CEB8-8B4A-11D0-8D11-00A0C91BC942}") = "Tester", "Tester\Tester.vcxproj", "{E51A4702-C253-4E48-9510-E4D7C274DBEB}"
EndProject
Project("{8BC9CEB8-8B4A-11D0-8D11-00A0C91BC942}") = "Identification", "Identification\Identification.vcxproj", "{7D4CC245-77B4-42A4-90AE-4137093D2A34}"
EndProject
Global
	GlobalSection(SolutionConfigurationPlatforms) = preSolution
		Debug|Mixed Platforms = Debug|Mixed Platforms
		Debug|Win32 = Debug|Win32
		Debug|x64 = Debug|x64
		Release|Mixed Platforms = Release|Mixed Platforms
		Release|Win32 = Release|Win32
		Release|x64 = Release|x64
	EndGlobalSection
	GlobalSection(ProjectConfigurationPlatforms) = postSolution
		{E51A4702-C253-4E48-9510-E4D7C274DBEB}.Debug|Mixed Platforms.ActiveCfg = Debug|Win32
		{E51A4702-C253-4E48-9510-E4D7C274DBEB}.Debug|Mixed Platforms.Build.0 = Debug|Win32
		{E51A4702-C253-4E48-9510-E4D7C274DBEB}.Debug|Win32.ActiveCfg = Debug|Win32
		{E51A4702-C253-4E48-9510-E4D7C274DBEB}.Debug|Win32.Build.0 = Debug|Win32
		{E51A4702-C253-4E48-9510-E4D7C274DBEB}.Debug|x64.ActiveCfg = Debug|x64
		{E51A4702-C253-4E48-9510-E4D7C274DBEB}.Debug|x64.Build.0 = Debug|x64
		{E51A4702-C253-4E48-9510-E4D7C274DBEB}.Release|Mixed Platforms.ActiveCfg = Release|x64
		{E51A4702-C253-4E48-9510-E4D7C274DBEB}.Release|Win32.ActiveCfg = Release|Win32
		{E51A4702-C253-4E48-9510-E4D7C274DBEB}.Release|Win32.Build.0 = Release|Win32
		{E51A4702-C253-4E48-9510-E4D7C274DBEB}.Release|x64.ActiveCfg = Release|x64
		{E51A4702-C253-4E48-9510-E4D7C274DBEB}.Release|x64.Build.0 = Release|x64
		{7D4CC245-77B4-42A4-90AE-4137093D2A34}.Debug|Mixed Platforms.ActiveCfg = Debug|Win32
		{7D4CC245-77B4-42A4-90AE-4137093D2A34}.Debug|Mixed Platforms.Build.0 = Debug|Win32
		{7D4CC245-77B4-42A4-90AE-4137093D2A34}.Debug|Win32.ActiveCfg = Debug|Win32
		{7D4CC245-77B4-42A4-90AE-4137093D2A34}.Debug|Win32.Build.0 = Debug|Win32
		{7D4CC245-77B4-42A4-90AE-4137093D2A34}.Debug|x64.ActiveCfg = Debug|x64
		{7D4CC245-77B4-42A4-90AE-4137093D2A34}.Debug|x64.Build.0 = Debug|x64
		{7D4CC245-77B4-42A4-90AE-4137093D2A34}.Release|Mixed Platforms.ActiveCfg = Release|x64
		{7D4CC245-77B4-42A4-90AE-4137093D2A34}.Release|Mixed Platforms.Build.0 = Release|x64
		{7D4CC245-77B4-42A4-90AE-4137093D2A34}.Release|Win32.ActiveCfg = Release|Win32
		{7D4CC245-77B4-42A4-90AE-4137093D2A34}.Release|Win32.Build.0 = Release|Win32
		{7D4CC245-77B4-42A4-90AE-4137093D2A34}.Release|x64.ActiveCfg = Release|x64
		{7D4CC245-77B4-42A4-90AE-4137093D2A34}.Release|x64.Build.0 = Release|x64
	EndGlobalSection
	GlobalSection(SolutionProperties) = preSolution
		HideSolutionNode = FALSE
	EndGlobalSection
EndGlobal
